
Microsoft Visual Studio Solution File, Format Version 12.00
# Visual Studio Version 17
VisualStudioVersion = 17.0.32112.339
MinimumVisualStudioVersion = 10.0.40219.1
Project("{9A19103F-16F7-4668-BE54-9A1E7A4F7556}") = "BedAssign1.5", "1.5\BedAssign1.5.csproj", "{01EB7A4F-AE05-4549-8FC1-9EA4DCC55AE7}"
EndProject
Global
	GlobalSection(SolutionConfigurationPlatforms) = preSolution
		Debug|Any CPU = Debug|Any CPU
		Release|Any CPU = Release|Any CPU
	EndGlobalSection
	GlobalSection(ProjectConfigurationPlatforms) = postSolution
		{01EB7A4F-AE05-4549-8FC1-9EA4DCC55AE7}.Debug|Any CPU.ActiveCfg = Debug|Any CPU
		{01EB7A4F-AE05-4549-8FC1-9EA4DCC55AE7}.Debug|Any CPU.Build.0 = Debug|Any CPU
		{01EB7A4F-AE05-4549-8FC1-9EA4DCC55AE7}.Release|Any CPU.ActiveCfg = Release|Any CPU
		{01EB7A4F-AE05-4549-8FC1-9EA4DCC55AE7}.Release|Any CPU.Build.0 = Release|Any CPU
	EndGlobalSection
	GlobalSection(SolutionProperties) = preSolution
		HideSolutionNode = FALSE
	EndGlobalSection
	GlobalSection(ExtensibilityGlobals) = postSolution
		SolutionGuid = {0A5915C3-3473-4918-B962-F4EAD23F4D24}
	EndGlobalSection
EndGlobal
